// !$*UTF8*$!
{
	archiveVersion = 1;
	classes = {
	};
	objectVersion = 50;
	objects = {

/* Begin PBXBuildFile section */
		6D153C4B2507E6C10013D945 /* AppDelegate.swift in Sources */ = {isa = PBXBuildFile; fileRef = 6D153C4A2507E6C10013D945 /* AppDelegate.swift */; };
		6D153C4D2507E6C10013D945 /* SceneDelegate.swift in Sources */ = {isa = PBXBuildFile; fileRef = 6D153C4C2507E6C10013D945 /* SceneDelegate.swift */; };
		6D153C4F2507E6C10013D945 /* SearchViewController.swift in Sources */ = {isa = PBXBuildFile; fileRef = 6D153C4E2507E6C10013D945 /* SearchViewController.swift */; };
		6D153C542507E6C20013D945 /* Assets.xcassets in Resources */ = {isa = PBXBuildFile; fileRef = 6D153C532507E6C20013D945 /* Assets.xcassets */; };
		6D153C5F2507EC4E0013D945 /* Launch Screen.storyboard in Resources */ = {isa = PBXBuildFile; fileRef = 6D153C5E2507EC4E0013D945 /* Launch Screen.storyboard */; };
		6D153C612507ED5B0013D945 /* FavouriteListViewController.swift in Sources */ = {isa = PBXBuildFile; fileRef = 6D153C602507ED5B0013D945 /* FavouriteListViewController.swift */; };
		6D153C642508076E0013D945 /* GFButtomn.swift in Sources */ = {isa = PBXBuildFile; fileRef = 6D153C632508076E0013D945 /* GFButtomn.swift */; };
		6D153C662508087F0013D945 /* GFTextField.swift in Sources */ = {isa = PBXBuildFile; fileRef = 6D153C652508087F0013D945 /* GFTextField.swift */; };
		6D153C6825090AB30013D945 /* FollowersListViewController.swift in Sources */ = {isa = PBXBuildFile; fileRef = 6D153C6725090AB30013D945 /* FollowersListViewController.swift */; };
		6D153C6A250A3BBF0013D945 /* GFTitleLabel.swift in Sources */ = {isa = PBXBuildFile; fileRef = 6D153C69250A3BBF0013D945 /* GFTitleLabel.swift */; };
		6D153C6C250A3D360013D945 /* GFBodyLabel.swift in Sources */ = {isa = PBXBuildFile; fileRef = 6D153C6B250A3D360013D945 /* GFBodyLabel.swift */; };
		6D153C6E250A5AE30013D945 /* GFAlertViewController.swift in Sources */ = {isa = PBXBuildFile; fileRef = 6D153C6D250A5AE30013D945 /* GFAlertViewController.swift */; };
		6D153C71250A69A90013D945 /* UIViewController+Extension.swift in Sources */ = {isa = PBXBuildFile; fileRef = 6D153C70250A69A90013D945 /* UIViewController+Extension.swift */; };
		6D153C76250A79940013D945 /* Follower.swift in Sources */ = {isa = PBXBuildFile; fileRef = 6D153C75250A79940013D945 /* Follower.swift */; };
		6D153C78250A799D0013D945 /* User.swift in Sources */ = {isa = PBXBuildFile; fileRef = 6D153C77250A799D0013D945 /* User.swift */; };
		6D153C7E250FB8080013D945 /* FollowerCell.swift in Sources */ = {isa = PBXBuildFile; fileRef = 6D153C7D250FB8080013D945 /* FollowerCell.swift */; };
		6D153C80250FB8A10013D945 /* GFAvatarImageView.swift in Sources */ = {isa = PBXBuildFile; fileRef = 6D153C7F250FB8A10013D945 /* GFAvatarImageView.swift */; };
		6D153C822510F8510013D945 /* UIHelper.swift in Sources */ = {isa = PBXBuildFile; fileRef = 6D153C812510F8510013D945 /* UIHelper.swift */; };
		6D24FEAF25234D6800F417B1 /* UserInfoViewController.swift in Sources */ = {isa = PBXBuildFile; fileRef = 6D24FEAE25234D6800F417B1 /* UserInfoViewController.swift */; };
		6D24FEB125235B5800F417B1 /* GFError.swift in Sources */ = {isa = PBXBuildFile; fileRef = 6D24FEB025235B5800F417B1 /* GFError.swift */; };
		6D701D06250E47F700249229 /* NetworkManager.swift in Sources */ = {isa = PBXBuildFile; fileRef = 6D701D05250E47F700249229 /* NetworkManager.swift */; };
		6DF2E3C725191ABA00D8CA94 /* GFEmptyStateView.swift in Sources */ = {isa = PBXBuildFile; fileRef = 6DF2E3C625191ABA00D8CA94 /* GFEmptyStateView.swift */; };
/* End PBXBuildFile section */

/* Begin PBXFileReference section */
		6D153C472507E6C10013D945 /* GitHubFollowers.app */ = {isa = PBXFileReference; explicitFileType = wrapper.application; includeInIndex = 0; path = GitHubFollowers.app; sourceTree = BUILT_PRODUCTS_DIR; };
		6D153C4A2507E6C10013D945 /* AppDelegate.swift */ = {isa = PBXFileReference; lastKnownFileType = sourcecode.swift; path = AppDelegate.swift; sourceTree = "<group>"; };
		6D153C4C2507E6C10013D945 /* SceneDelegate.swift */ = {isa = PBXFileReference; lastKnownFileType = sourcecode.swift; path = SceneDelegate.swift; sourceTree = "<group>"; };
		6D153C4E2507E6C10013D945 /* SearchViewController.swift */ = {isa = PBXFileReference; lastKnownFileType = sourcecode.swift; path = SearchViewController.swift; sourceTree = "<group>"; };
		6D153C532507E6C20013D945 /* Assets.xcassets */ = {isa = PBXFileReference; lastKnownFileType = folder.assetcatalog; path = Assets.xcassets; sourceTree = "<group>"; };
		6D153C582507E6C20013D945 /* Info.plist */ = {isa = PBXFileReference; lastKnownFileType = text.plist.xml; path = Info.plist; sourceTree = "<group>"; };
		6D153C5E2507EC4E0013D945 /* Launch Screen.storyboard */ = {isa = PBXFileReference; lastKnownFileType = file.storyboard; path = "Launch Screen.storyboard"; sourceTree = "<group>"; };
		6D153C602507ED5B0013D945 /* FavouriteListViewController.swift */ = {isa = PBXFileReference; lastKnownFileType = sourcecode.swift; path = FavouriteListViewController.swift; sourceTree = "<group>"; };
		6D153C632508076E0013D945 /* GFButtomn.swift */ = {isa = PBXFileReference; lastKnownFileType = sourcecode.swift; path = GFButtomn.swift; sourceTree = "<group>"; };
		6D153C652508087F0013D945 /* GFTextField.swift */ = {isa = PBXFileReference; lastKnownFileType = sourcecode.swift; path = GFTextField.swift; sourceTree = "<group>"; };
		6D153C6725090AB30013D945 /* FollowersListViewController.swift */ = {isa = PBXFileReference; lastKnownFileType = sourcecode.swift; path = FollowersListViewController.swift; sourceTree = "<group>"; };
		6D153C69250A3BBF0013D945 /* GFTitleLabel.swift */ = {isa = PBXFileReference; lastKnownFileType = sourcecode.swift; path = GFTitleLabel.swift; sourceTree = "<group>"; };
		6D153C6B250A3D360013D945 /* GFBodyLabel.swift */ = {isa = PBXFileReference; lastKnownFileType = sourcecode.swift; path = GFBodyLabel.swift; sourceTree = "<group>"; };
		6D153C6D250A5AE30013D945 /* GFAlertViewController.swift */ = {isa = PBXFileReference; lastKnownFileType = sourcecode.swift; path = GFAlertViewController.swift; sourceTree = "<group>"; };
		6D153C70250A69A90013D945 /* UIViewController+Extension.swift */ = {isa = PBXFileReference; lastKnownFileType = sourcecode.swift; path = "UIViewController+Extension.swift"; sourceTree = "<group>"; };
		6D153C75250A79940013D945 /* Follower.swift */ = {isa = PBXFileReference; lastKnownFileType = sourcecode.swift; path = Follower.swift; sourceTree = "<group>"; };
		6D153C77250A799D0013D945 /* User.swift */ = {isa = PBXFileReference; lastKnownFileType = sourcecode.swift; path = User.swift; sourceTree = "<group>"; };
		6D153C7D250FB8080013D945 /* FollowerCell.swift */ = {isa = PBXFileReference; lastKnownFileType = sourcecode.swift; path = FollowerCell.swift; sourceTree = "<group>"; };
		6D153C7F250FB8A10013D945 /* GFAvatarImageView.swift */ = {isa = PBXFileReference; lastKnownFileType = sourcecode.swift; path = GFAvatarImageView.swift; sourceTree = "<group>"; };
		6D153C812510F8510013D945 /* UIHelper.swift */ = {isa = PBXFileReference; lastKnownFileType = sourcecode.swift; path = UIHelper.swift; sourceTree = "<group>"; };
		6D24FEAE25234D6800F417B1 /* UserInfoViewController.swift */ = {isa = PBXFileReference; lastKnownFileType = sourcecode.swift; path = UserInfoViewController.swift; sourceTree = "<group>"; };
		6D24FEB025235B5800F417B1 /* GFError.swift */ = {isa = PBXFileReference; lastKnownFileType = sourcecode.swift; path = GFError.swift; sourceTree = "<group>"; };
		6D701D05250E47F700249229 /* NetworkManager.swift */ = {isa = PBXFileReference; lastKnownFileType = sourcecode.swift; path = NetworkManager.swift; sourceTree = "<group>"; };
		6DF2E3C625191ABA00D8CA94 /* GFEmptyStateView.swift */ = {isa = PBXFileReference; lastKnownFileType = sourcecode.swift; path = GFEmptyStateView.swift; sourceTree = "<group>"; };
/* End PBXFileReference section */

/* Begin PBXFrameworksBuildPhase section */
		6D153C442507E6C10013D945 /* Frameworks */ = {
			isa = PBXFrameworksBuildPhase;
			buildActionMask = 2147483647;
			files = (
			);
			runOnlyForDeploymentPostprocessing = 0;
		};
/* End PBXFrameworksBuildPhase section */

/* Begin PBXGroup section */
		6D153C3E2507E6C10013D945 = {
			isa = PBXGroup;
			children = (
				6D153C492507E6C10013D945 /* GitHubFollowers */,
				6D153C482507E6C10013D945 /* Products */,
			);
			sourceTree = "<group>";
		};
		6D153C482507E6C10013D945 /* Products */ = {
			isa = PBXGroup;
			children = (
				6D153C472507E6C10013D945 /* GitHubFollowers.app */,
			);
			name = Products;
			sourceTree = "<group>";
		};
		6D153C492507E6C10013D945 /* GitHubFollowers */ = {
			isa = PBXGroup;
			children = (
				6D153C79250F7CEE0013D945 /* Utilities */,
				6D701D04250E47E300249229 /* Managers */,
				6D153C74250A79660013D945 /* Model */,
				6D153C73250A70150013D945 /* Support */,
				6D153C72250A6FFE0013D945 /* Screens */,
				6D153C6F250A69790013D945 /* Extensions */,
				6D153C622508074A0013D945 /* Custom Views */,
				6D153C582507E6C20013D945 /* Info.plist */,
			);
			path = GitHubFollowers;
			sourceTree = "<group>";
		};
		6D153C622508074A0013D945 /* Custom Views */ = {
			isa = PBXGroup;
			children = (
				6DF2E3C525191A6000D8CA94 /* Views */,
				6DF2E3C425191A5500D8CA94 /* Buttons */,
				6DF2E3C325191A4B00D8CA94 /* ImageViews */,
				6DF2E3C225191A4100D8CA94 /* TextFields */,
				6DF2E3C1251919D200D8CA94 /* Labels */,
				6DF2E3BF251919B900D8CA94 /* ViewControllers */,
				6D153C7C250FB7DA0013D945 /* Cells */,
			);
			path = "Custom Views";
			sourceTree = "<group>";
		};
		6D153C6F250A69790013D945 /* Extensions */ = {
			isa = PBXGroup;
			children = (
				6D153C70250A69A90013D945 /* UIViewController+Extension.swift */,
			);
			path = Extensions;
			sourceTree = "<group>";
		};
		6D153C72250A6FFE0013D945 /* Screens */ = {
			isa = PBXGroup;
			children = (
				6D153C4E2507E6C10013D945 /* SearchViewController.swift */,
				6D153C602507ED5B0013D945 /* FavouriteListViewController.swift */,
				6D153C6725090AB30013D945 /* FollowersListViewController.swift */,
				6D24FEAE25234D6800F417B1 /* UserInfoViewController.swift */,
			);
			path = Screens;
			sourceTree = "<group>";
		};
		6D153C73250A70150013D945 /* Support */ = {
			isa = PBXGroup;
			children = (
				6D153C4A2507E6C10013D945 /* AppDelegate.swift */,
				6D153C4C2507E6C10013D945 /* SceneDelegate.swift */,
				6D153C532507E6C20013D945 /* Assets.xcassets */,
				6D153C5E2507EC4E0013D945 /* Launch Screen.storyboard */,
			);
			path = Support;
			sourceTree = "<group>";
		};
		6D153C74250A79660013D945 /* Model */ = {
			isa = PBXGroup;
			children = (
				6D153C75250A79940013D945 /* Follower.swift */,
				6D153C77250A799D0013D945 /* User.swift */,
			);
			path = Model;
			sourceTree = "<group>";
		};
		6D153C79250F7CEE0013D945 /* Utilities */ = {
			isa = PBXGroup;
			children = (
				6D153C812510F8510013D945 /* UIHelper.swift */,
				6D24FEB025235B5800F417B1 /* GFError.swift */,
			);
			path = Utilities;
			sourceTree = "<group>";
		};
		6D153C7C250FB7DA0013D945 /* Cells */ = {
			isa = PBXGroup;
			children = (
				6D153C7D250FB8080013D945 /* FollowerCell.swift */,
			);
			path = Cells;
			sourceTree = "<group>";
		};
		6D701D04250E47E300249229 /* Managers */ = {
			isa = PBXGroup;
			children = (
				6D701D05250E47F700249229 /* NetworkManager.swift */,
			);
			path = Managers;
			sourceTree = "<group>";
		};
		6DF2E3BF251919B900D8CA94 /* ViewControllers */ = {
			isa = PBXGroup;
			children = (
				6D153C6D250A5AE30013D945 /* GFAlertViewController.swift */,
			);
			path = ViewControllers;
			sourceTree = "<group>";
		};
		6DF2E3C1251919D200D8CA94 /* Labels */ = {
			isa = PBXGroup;
			children = (
				6D153C69250A3BBF0013D945 /* GFTitleLabel.swift */,
				6D153C6B250A3D360013D945 /* GFBodyLabel.swift */,
			);
			path = Labels;
			sourceTree = "<group>";
		};
		6DF2E3C225191A4100D8CA94 /* TextFields */ = {
			isa = PBXGroup;
			children = (
				6D153C652508087F0013D945 /* GFTextField.swift */,
			);
			path = TextFields;
			sourceTree = "<group>";
		};
		6DF2E3C325191A4B00D8CA94 /* ImageViews */ = {
			isa = PBXGroup;
			children = (
				6D153C7F250FB8A10013D945 /* GFAvatarImageView.swift */,
			);
			path = ImageViews;
			sourceTree = "<group>";
		};
		6DF2E3C425191A5500D8CA94 /* Buttons */ = {
			isa = PBXGroup;
			children = (
				6D153C632508076E0013D945 /* GFButtomn.swift */,
			);
			path = Buttons;
			sourceTree = "<group>";
		};
		6DF2E3C525191A6000D8CA94 /* Views */ = {
			isa = PBXGroup;
			children = (
				6DF2E3C625191ABA00D8CA94 /* GFEmptyStateView.swift */,
			);
			path = Views;
			sourceTree = "<group>";
		};
/* End PBXGroup section */

/* Begin PBXNativeTarget section */
		6D153C462507E6C10013D945 /* GitHubFollowers */ = {
			isa = PBXNativeTarget;
			buildConfigurationList = 6D153C5B2507E6C20013D945 /* Build configuration list for PBXNativeTarget "GitHubFollowers" */;
			buildPhases = (
				6D153C432507E6C10013D945 /* Sources */,
				6D153C442507E6C10013D945 /* Frameworks */,
				6D153C452507E6C10013D945 /* Resources */,
			);
			buildRules = (
			);
			dependencies = (
			);
			name = GitHubFollowers;
			productName = GitHubFollowers;
			productReference = 6D153C472507E6C10013D945 /* GitHubFollowers.app */;
			productType = "com.apple.product-type.application";
		};
/* End PBXNativeTarget section */

/* Begin PBXProject section */
		6D153C3F2507E6C10013D945 /* Project object */ = {
			isa = PBXProject;
			attributes = {
				LastSwiftUpdateCheck = 1130;
				LastUpgradeCheck = 1130;
				ORGANIZATIONNAME = "Ahmed Fayek";
				TargetAttributes = {
					6D153C462507E6C10013D945 = {
						CreatedOnToolsVersion = 11.3.1;
					};
				};
			};
			buildConfigurationList = 6D153C422507E6C10013D945 /* Build configuration list for PBXProject "GitHubFollowers" */;
			compatibilityVersion = "Xcode 9.3";
			developmentRegion = en;
			hasScannedForEncodings = 0;
			knownRegions = (
				en,
				Base,
			);
			mainGroup = 6D153C3E2507E6C10013D945;
			productRefGroup = 6D153C482507E6C10013D945 /* Products */;
			projectDirPath = "";
			projectRoot = "";
			targets = (
				6D153C462507E6C10013D945 /* GitHubFollowers */,
			);
		};
/* End PBXProject section */

/* Begin PBXResourcesBuildPhase section */
		6D153C452507E6C10013D945 /* Resources */ = {
			isa = PBXResourcesBuildPhase;
			buildActionMask = 2147483647;
			files = (
				6D153C5F2507EC4E0013D945 /* Launch Screen.storyboard in Resources */,
				6D153C542507E6C20013D945 /* Assets.xcassets in Resources */,
			);
			runOnlyForDeploymentPostprocessing = 0;
		};
/* End PBXResourcesBuildPhase section */

/* Begin PBXSourcesBuildPhase section */
		6D153C432507E6C10013D945 /* Sources */ = {
			isa = PBXSourcesBuildPhase;
			buildActionMask = 2147483647;
			files = (
				6D153C78250A799D0013D945 /* User.swift in Sources */,
				6D153C6E250A5AE30013D945 /* GFAlertViewController.swift in Sources */,
				6D153C71250A69A90013D945 /* UIViewController+Extension.swift in Sources */,
				6D153C662508087F0013D945 /* GFTextField.swift in Sources */,
				6D153C612507ED5B0013D945 /* FavouriteListViewController.swift in Sources */,
				6D153C822510F8510013D945 /* UIHelper.swift in Sources */,
				6D153C80250FB8A10013D945 /* GFAvatarImageView.swift in Sources */,
				6D153C4F2507E6C10013D945 /* SearchViewController.swift in Sources */,
				6D153C6825090AB30013D945 /* FollowersListViewController.swift in Sources */,
				6D153C7E250FB8080013D945 /* FollowerCell.swift in Sources */,
				6D153C6C250A3D360013D945 /* GFBodyLabel.swift in Sources */,
				6D24FEB125235B5800F417B1 /* GFError.swift in Sources */,
				6D153C76250A79940013D945 /* Follower.swift in Sources */,
				6D153C6A250A3BBF0013D945 /* GFTitleLabel.swift in Sources */,
				6DF2E3C725191ABA00D8CA94 /* GFEmptyStateView.swift in Sources */,
				6D701D06250E47F700249229 /* NetworkManager.swift in Sources */,
				6D153C642508076E0013D945 /* GFButtomn.swift in Sources */,
				6D24FEAF25234D6800F417B1 /* UserInfoViewController.swift in Sources */,
				6D153C4B2507E6C10013D945 /* AppDelegate.swift in Sources */,
				6D153C4D2507E6C10013D945 /* SceneDelegate.swift in Sources */,
			);
			runOnlyForDeploymentPostprocessing = 0;
		};
/* End PBXSourcesBuildPhase section */

/* Begin XCBuildConfiguration section */
		6D153C592507E6C20013D945 /* Debug */ = {
			isa = XCBuildConfiguration;
			buildSettings = {
				ALWAYS_SEARCH_USER_PATHS = NO;
				CLANG_ANALYZER_NONNULL = YES;
				CLANG_ANALYZER_NUMBER_OBJECT_CONVERSION = YES_AGGRESSIVE;
				CLANG_CXX_LANGUAGE_STANDARD = "gnu++14";
				CLANG_CXX_LIBRARY = "libc++";
				CLANG_ENABLE_MODULES = YES;
				CLANG_ENABLE_OBJC_ARC = YES;
				CLANG_ENABLE_OBJC_WEAK = YES;
				CLANG_WARN_BLOCK_CAPTURE_AUTORELEASING = YES;
				CLANG_WARN_BOOL_CONVERSION = YES;
				CLANG_WARN_COMMA = YES;
				CLANG_WARN_CONSTANT_CONVERSION = YES;
				CLANG_WARN_DEPRECATED_OBJC_IMPLEMENTATIONS = YES;
				CLANG_WARN_DIRECT_OBJC_ISA_USAGE = YES_ERROR;
				CLANG_WARN_DOCUMENTATION_COMMENTS = YES;
				CLANG_WARN_EMPTY_BODY = YES;
				CLANG_WARN_ENUM_CONVERSION = YES;
				CLANG_WARN_INFINITE_RECURSION = YES;
				CLANG_WARN_INT_CONVERSION = YES;
				CLANG_WARN_NON_LITERAL_NULL_CONVERSION = YES;
				CLANG_WARN_OBJC_IMPLICIT_RETAIN_SELF = YES;
				CLANG_WARN_OBJC_LITERAL_CONVERSION = YES;
				CLANG_WARN_OBJC_ROOT_CLASS = YES_ERROR;
				CLANG_WARN_RANGE_LOOP_ANALYSIS = YES;
				CLANG_WARN_STRICT_PROTOTYPES = YES;
				CLANG_WARN_SUSPICIOUS_MOVE = YES;
				CLANG_WARN_UNGUARDED_AVAILABILITY = YES_AGGRESSIVE;
				CLANG_WARN_UNREACHABLE_CODE = YES;
				CLANG_WARN__DUPLICATE_METHOD_MATCH = YES;
				COPY_PHASE_STRIP = NO;
				DEBUG_INFORMATION_FORMAT = dwarf;
				ENABLE_STRICT_OBJC_MSGSEND = YES;
				ENABLE_TESTABILITY = YES;
				GCC_C_LANGUAGE_STANDARD = gnu11;
				GCC_DYNAMIC_NO_PIC = NO;
				GCC_NO_COMMON_BLOCKS = YES;
				GCC_OPTIMIZATION_LEVEL = 0;
				GCC_PREPROCESSOR_DEFINITIONS = (
					"DEBUG=1",
					"$(inherited)",
				);
				GCC_WARN_64_TO_32_BIT_CONVERSION = YES;
				GCC_WARN_ABOUT_RETURN_TYPE = YES_ERROR;
				GCC_WARN_UNDECLARED_SELECTOR = YES;
				GCC_WARN_UNINITIALIZED_AUTOS = YES_AGGRESSIVE;
				GCC_WARN_UNUSED_FUNCTION = YES;
				GCC_WARN_UNUSED_VARIABLE = YES;
				IPHONEOS_DEPLOYMENT_TARGET = 13.2;
				MTL_ENABLE_DEBUG_INFO = INCLUDE_SOURCE;
				MTL_FAST_MATH = YES;
				ONLY_ACTIVE_ARCH = YES;
				SDKROOT = iphoneos;
				SWIFT_ACTIVE_COMPILATION_CONDITIONS = DEBUG;
				SWIFT_OPTIMIZATION_LEVEL = "-Onone";
			};
			name = Debug;
		};
		6D153C5A2507E6C20013D945 /* Release */ = {
			isa = XCBuildConfiguration;
			buildSettings = {
				ALWAYS_SEARCH_USER_PATHS = NO;
				CLANG_ANALYZER_NONNULL = YES;
				CLANG_ANALYZER_NUMBER_OBJECT_CONVERSION = YES_AGGRESSIVE;
				CLANG_CXX_LANGUAGE_STANDARD = "gnu++14";
				CLANG_CXX_LIBRARY = "libc++";
				CLANG_ENABLE_MODULES = YES;
				CLANG_ENABLE_OBJC_ARC = YES;
				CLANG_ENABLE_OBJC_WEAK = YES;
				CLANG_WARN_BLOCK_CAPTURE_AUTORELEASING = YES;
				CLANG_WARN_BOOL_CONVERSION = YES;
				CLANG_WARN_COMMA = YES;
				CLANG_WARN_CONSTANT_CONVERSION = YES;
				CLANG_WARN_DEPRECATED_OBJC_IMPLEMENTATIONS = YES;
				CLANG_WARN_DIRECT_OBJC_ISA_USAGE = YES_ERROR;
				CLANG_WARN_DOCUMENTATION_COMMENTS = YES;
				CLANG_WARN_EMPTY_BODY = YES;
				CLANG_WARN_ENUM_CONVERSION = YES;
				CLANG_WARN_INFINITE_RECURSION = YES;
				CLANG_WARN_INT_CONVERSION = YES;
				CLANG_WARN_NON_LITERAL_NULL_CONVERSION = YES;
				CLANG_WARN_OBJC_IMPLICIT_RETAIN_SELF = YES;
				CLANG_WARN_OBJC_LITERAL_CONVERSION = YES;
				CLANG_WARN_OBJC_ROOT_CLASS = YES_ERROR;
				CLANG_WARN_RANGE_LOOP_ANALYSIS = YES;
				CLANG_WARN_STRICT_PROTOTYPES = YES;
				CLANG_WARN_SUSPICIOUS_MOVE = YES;
				CLANG_WARN_UNGUARDED_AVAILABILITY = YES_AGGRESSIVE;
				CLANG_WARN_UNREACHABLE_CODE = YES;
				CLANG_WARN__DUPLICATE_METHOD_MATCH = YES;
				COPY_PHASE_STRIP = NO;
				DEBUG_INFORMATION_FORMAT = "dwarf-with-dsym";
				ENABLE_NS_ASSERTIONS = NO;
				ENABLE_STRICT_OBJC_MSGSEND = YES;
				GCC_C_LANGUAGE_STANDARD = gnu11;
				GCC_NO_COMMON_BLOCKS = YES;
				GCC_WARN_64_TO_32_BIT_CONVERSION = YES;
				GCC_WARN_ABOUT_RETURN_TYPE = YES_ERROR;
				GCC_WARN_UNDECLARED_SELECTOR = YES;
				GCC_WARN_UNINITIALIZED_AUTOS = YES_AGGRESSIVE;
				GCC_WARN_UNUSED_FUNCTION = YES;
				GCC_WARN_UNUSED_VARIABLE = YES;
				IPHONEOS_DEPLOYMENT_TARGET = 13.2;
				MTL_ENABLE_DEBUG_INFO = NO;
				MTL_FAST_MATH = YES;
				SDKROOT = iphoneos;
				SWIFT_COMPILATION_MODE = wholemodule;
				SWIFT_OPTIMIZATION_LEVEL = "-O";
				VALIDATE_PRODUCT = YES;
			};
			name = Release;
		};
		6D153C5C2507E6C20013D945 /* Debug */ = {
			isa = XCBuildConfiguration;
			buildSettings = {
				ASSETCATALOG_COMPILER_APPICON_NAME = AppIcon;
				CODE_SIGN_STYLE = Automatic;
				DEVELOPMENT_TEAM = H93H3ZQMQT;
				INFOPLIST_FILE = GitHubFollowers/Info.plist;
				LD_RUNPATH_SEARCH_PATHS = (
					"$(inherited)",
					"@executable_path/Frameworks",
				);
				PRODUCT_BUNDLE_IDENTIFIER = nn.GitHubFollowers;
				PRODUCT_NAME = "$(TARGET_NAME)";
				SWIFT_VERSION = 5.0;
				TARGETED_DEVICE_FAMILY = "1,2";
			};
			name = Debug;
		};
		6D153C5D2507E6C20013D945 /* Release */ = {
			isa = XCBuildConfiguration;
			buildSettings = {
				ASSETCATALOG_COMPILER_APPICON_NAME = AppIcon;
				CODE_SIGN_STYLE = Automatic;
				DEVELOPMENT_TEAM = H93H3ZQMQT;
				INFOPLIST_FILE = GitHubFollowers/Info.plist;
				LD_RUNPATH_SEARCH_PATHS = (
					"$(inherited)",
					"@executable_path/Frameworks",
				);
				PRODUCT_BUNDLE_IDENTIFIER = nn.GitHubFollowers;
				PRODUCT_NAME = "$(TARGET_NAME)";
				SWIFT_VERSION = 5.0;
				TARGETED_DEVICE_FAMILY = "1,2";
			};
			name = Release;
		};
/* End XCBuildConfiguration section */

/* Begin XCConfigurationList section */
		6D153C422507E6C10013D945 /* Build configuration list for PBXProject "GitHubFollowers" */ = {
			isa = XCConfigurationList;
			buildConfigurations = (
				6D153C592507E6C20013D945 /* Debug */,
				6D153C5A2507E6C20013D945 /* Release */,
			);
			defaultConfigurationIsVisible = 0;
			defaultConfigurationName = Release;
		};
		6D153C5B2507E6C20013D945 /* Build configuration list for PBXNativeTarget "GitHubFollowers" */ = {
			isa = XCConfigurationList;
			buildConfigurations = (
				6D153C5C2507E6C20013D945 /* Debug */,
				6D153C5D2507E6C20013D945 /* Release */,
			);
			defaultConfigurationIsVisible = 0;
			defaultConfigurationName = Release;
		};
/* End XCConfigurationList section */
	};
	rootObject = 6D153C3F2507E6C10013D945 /* Project object */;
}
